<?xml version="1.0" encoding="utf-8"?>
<Project ToolsVersion="4.0" xmlns="http://schemas.microsoft.com/developer/msbuild/2003">
  <ItemGroup>
    <Filter Include="소스 파일">
      <UniqueIdentifier>{4FC737F1-C7A5-4376-A066-2A32D752A2FF}</UniqueIdentifier>
      <Extensions>cpp;c;cc;cxx;c++;cppm;ixx;def;odl;idl;hpj;bat;asm;asmx</Extensions>
    </Filter>
    <Filter Include="헤더 파일">
      <UniqueIdentifier>{93995380-89BD-4b04-88EB-625FBE52EBFB}</UniqueIdentifier>
      <Extensions>h;hh;hpp;hxx;h++;hm;inl;inc;ipp;xsd</Extensions>
    </Filter>
    <Filter Include="리소스 파일">
      <UniqueIdentifier>{67DA6AB6-F800-4c08-8B7A-83BB121AAD01}</UniqueIdentifier>
      <Extensions>rc;ico;cur;bmp;dlg;rc2;rct;bin;rgs;gif;jpg;jpeg;jpe;resx;tiff;tif;png;wav;mfcribbon-ms</Extensions>
    </Filter>
    <Filter Include="Engine">
      <UniqueIdentifier>{5ca6b723-d64a-4664-804c-e2e448162e90}</UniqueIdentifier>
    </Filter>
    <Filter Include="Shaders">
      <UniqueIdentifier>{277f6d03-2f82-46c1-8408-359184e63781}</UniqueIdentifier>
    </Filter>
    <Filter Include="PhysXEngine">
      <UniqueIdentifier>{234d8cde-b033-423e-99a3-ee97e74cf614}</UniqueIdentifier>
    </Filter>
    <Filter Include="Object">
      <UniqueIdentifier>{fa7549b1-5a26-4eaa-b721-fbad3242c649}</UniqueIdentifier>
    </Filter>
    <Filter Include="ThreadPool">
      <UniqueIdentifier>{ad2603a0-d750-40d4-9984-55dadf24df3a}</UniqueIdentifier>
    </Filter>
    <Filter Include="Managers">
      <UniqueIdentifier>{f9f7363d-f8d9-4691-a231-f30fe34d34af}</UniqueIdentifier>
    </Filter>
    <Filter Include="Tools">
      <UniqueIdentifier>{7415beb2-ac06-4f51-b2ae-46cb5a503519}</UniqueIdentifier>
    </Filter>
    <Filter Include="Managers\TaskManager">
      <UniqueIdentifier>{94c080d9-8bc9-4c55-b557-fd4092ee59a9}</UniqueIdentifier>
    </Filter>
    <Filter Include="Managers\ResourceManager">
      <UniqueIdentifier>{7306c1ff-7413-41df-936e-773a745abc9e}</UniqueIdentifier>
    </Filter>
    <Filter Include="Resource">
      <UniqueIdentifier>{6a141b98-da23-470d-a170-84277f7c63da}</UniqueIdentifier>
    </Filter>
    <Filter Include="Resource\Texture">
      <UniqueIdentifier>{88d581e8-1838-4f96-9351-0978b4ad8257}</UniqueIdentifier>
    </Filter>
    <Filter Include="Resource\Mesh">
      <UniqueIdentifier>{23b83c5b-c360-46a9-8f88-06ca67fc86cc}</UniqueIdentifier>
    </Filter>
    <Filter Include="Resource\Shader">
      <UniqueIdentifier>{8fccc2c6-d9c8-4419-8faa-089d87122c69}</UniqueIdentifier>
    </Filter>
    <Filter Include="Resource\Material">
      <UniqueIdentifier>{6bd51f41-ddf2-45f4-8603-4d2b09530c30}</UniqueIdentifier>
    </Filter>
    <Filter Include="Resource\Animation">
      <UniqueIdentifier>{53fcf992-712a-49d3-a842-877f4309f969}</UniqueIdentifier>
    </Filter>
    <Filter Include="Resource\Sound">
      <UniqueIdentifier>{d2190846-f302-430a-b7c3-6e15108b46c7}</UniqueIdentifier>
    </Filter>
  </ItemGroup>
  <ItemGroup>
    <ClInclude Include="framework.h">
      <Filter>헤더 파일</Filter>
    </ClInclude>
    <ClInclude Include="targetver.h">
      <Filter>헤더 파일</Filter>
    </ClInclude>
    <ClInclude Include="WinResource.h">
      <Filter>헤더 파일</Filter>
    </ClInclude>
    <ClInclude Include="Client.h">
      <Filter>헤더 파일</Filter>
    </ClInclude>
    <ClInclude Include="Engine.h">
      <Filter>Engine</Filter>
    </ClInclude>
    <ClInclude Include="pch.h">
      <Filter>헤더 파일</Filter>
    </ClInclude>
    <ClInclude Include="PhysicsEngine.h">
      <Filter>PhysXEngine</Filter>
    </ClInclude>
    <ClInclude Include="PhysicsObject.h">
      <Filter>Object</Filter>
    </ClInclude>
    <ClInclude Include="ThreadPool.h">
      <Filter>ThreadPool</Filter>
    </ClInclude>
    <ClInclude Include="Logger.h">
      <Filter>Tools</Filter>
    </ClInclude>
    <ClInclude Include="LockFreeStructures.h">
      <Filter>Tools</Filter>
    </ClInclude>
    <ClInclude Include="TaskSystem.h">
      <Filter>Managers\TaskManager</Filter>
    </ClInclude>
    <ClInclude Include="Resource.h">
      <Filter>Resource</Filter>
    </ClInclude>
    <ClInclude Include="ResourceManager.h">
      <Filter>Managers\ResourceManager</Filter>
    </ClInclude>
    <ClInclude Include="ResourceHandle.h">
      <Filter>Resource</Filter>
    </ClInclude>
    <ClInclude Include="ResourceLoader.h">
      <Filter>Resource</Filter>
    </ClInclude>
    <ClInclude Include="SoundLoader.h">
      <Filter>Resource\Sound</Filter>
    </ClInclude>
    <ClInclude Include="MeshLoader.h">
      <Filter>Resource\Mesh</Filter>
    </ClInclude>
    <ClInclude Include="TextureLoader.h">
      <Filter>Resource\Texture</Filter>
    </ClInclude>
    <ClInclude Include="TextureResource.h">
      <Filter>Resource\Texture</Filter>
    </ClInclude>
    <ClInclude Include="MeshResource.h">
      <Filter>Resource\Mesh</Filter>
    </ClInclude>
    <ClInclude Include="ShaderResource.h">
      <Filter>Resource\Shader</Filter>
    </ClInclude>
    <ClInclude Include="SoundResource.h">
      <Filter>Resource\Sound</Filter>
    </ClInclude>
    <ClInclude Include="AnimationResource.h">
      <Filter>Resource\Animation</Filter>
    </ClInclude>
    <ClInclude Include="MaterialResource.h">
      <Filter>Resource\Material</Filter>
    </ClInclude>
    <ClInclude Include="MaterialLoader.h">
      <Filter>Resource\Material</Filter>
    </ClInclude>
    <ClInclude Include="ShaderLoader.h">
      <Filter>Resource\Shader</Filter>
    </ClInclude>
    <ClInclude Include="AnimationLoader.h">
      <Filter>Resource\Animation</Filter>
    </ClInclude>
    <ClInclude Include="Utils.h">
      <Filter>Tools</Filter>
    </ClInclude>
  </ItemGroup>
  <ItemGroup>
    <ClCompile Include="Client.cpp">
      <Filter>소스 파일</Filter>
    </ClCompile>
    <ClCompile Include="Engine.cpp">
      <Filter>Engine</Filter>
    </ClCompile>
    <ClCompile Include="pch.cpp">
      <Filter>소스 파일</Filter>
    </ClCompile>
    <ClCompile Include="PhysicsEngine.cpp">
      <Filter>PhysXEngine</Filter>
    </ClCompile>
    <ClCompile Include="PhysicsObject.cpp">
      <Filter>Object</Filter>
    </ClCompile>
    <ClCompile Include="ThreadPool.cpp">
      <Filter>ThreadPool</Filter>
    </ClCompile>
    <ClCompile Include="Logger.cpp">
      <Filter>Tools</Filter>
    </ClCompile>
    <ClCompile Include="LockFreeStructures.cpp">
      <Filter>Tools</Filter>
    </ClCompile>
    <ClCompile Include="TaskSystem.cpp">
      <Filter>Managers\TaskManager</Filter>
    </ClCompile>
    <ClCompile Include="Resource.cpp">
      <Filter>Resource</Filter>
    </ClCompile>
    <ClCompile Include="ResourceManager.cpp">
      <Filter>Managers\ResourceManager</Filter>
    </ClCompile>
    <ClCompile Include="ResourceHandle.cpp">
      <Filter>Resource</Filter>
    </ClCompile>
    <ClCompile Include="ResourceLoader.cpp">
      <Filter>Resource</Filter>
    </ClCompile>
    <ClCompile Include="SoundLoader.cpp">
      <Filter>Resource\Sound</Filter>
    </ClCompile>
    <ClCompile Include="MeshLoader.cpp">
      <Filter>Resource\Mesh</Filter>
    </ClCompile>
    <ClCompile Include="TextureLoader.cpp">
      <Filter>Resource\Texture</Filter>
    </ClCompile>
    <ClCompile Include="TextureResource.cpp">
      <Filter>Resource\Texture</Filter>
    </ClCompile>
    <ClCompile Include="MeshResource.cpp">
      <Filter>Resource\Mesh</Filter>
    </ClCompile>
    <ClCompile Include="ShaderResource.cpp">
      <Filter>Resource\Shader</Filter>
    </ClCompile>
    <ClCompile Include="SoundResource.cpp">
      <Filter>Resource\Sound</Filter>
    </ClCompile>
    <ClCompile Include="AnimationResource.cpp">
      <Filter>Resource\Animation</Filter>
    </ClCompile>
    <ClCompile Include="MaterialResource.cpp">
      <Filter>Resource\Material</Filter>
    </ClCompile>
    <ClCompile Include="MaterialLoader.cpp">
      <Filter>Resource\Material</Filter>
    </ClCompile>
    <ClCompile Include="ShaderLoader.cpp">
      <Filter>Resource\Shader</Filter>
    </ClCompile>
    <ClCompile Include="AnimationLoader.cpp">
      <Filter>Resource\Animation</Filter>
    </ClCompile>
    <ClCompile Include="Utils.cpp">
      <Filter>Tools</Filter>
    </ClCompile>
  </ItemGroup>
  <ItemGroup>
    <ResourceCompile Include="Client.rc">
      <Filter>리소스 파일</Filter>
    </ResourceCompile>
  </ItemGroup>
  <ItemGroup>
    <Image Include="small.ico">
      <Filter>리소스 파일</Filter>
    </Image>
    <Image Include="Client.ico">
      <Filter>리소스 파일</Filter>
    </Image>
  </ItemGroup>
  <ItemGroup>
    <FxCompile Include="shaders.hlsl">
      <Filter>Shaders</Filter>
    </FxCompile>
  </ItemGroup>
  <ItemGroup>
    <None Include="packages.config" />
  </ItemGroup>
</Project>